
Microsoft Visual Studio Solution File, Format Version 12.00
# Visual Studio 15
VisualStudioVersion = 15.0.28307.421
MinimumVisualStudioVersion = 10.0.40219.1
Project("{FAE04EC0-301F-11D3-BF4B-00C04F79EFBC}") = "WindowsFormsApp2", "WindowsFormsApp2\WindowsFormsApp2.csproj", "{78F846E1-2463-4E6A-87F7-FF750FC46DBC}"
EndProject
Global
	GlobalSection(SolutionConfigurationPlatforms) = preSolution
		Debug|Any CPU = Debug|Any CPU
		Release|Any CPU = Release|Any CPU
	EndGlobalSection
	GlobalSection(ProjectConfigurationPlatforms) = postSolution
		{78F846E1-2463-4E6A-87F7-FF750FC46DBC}.Debug|Any CPU.ActiveCfg = Debug|Any CPU
		{78F846E1-2463-4E6A-87F7-FF750FC46DBC}.Debug|Any CPU.Build.0 = Debug|Any CPU
		{78F846E1-2463-4E6A-87F7-FF750FC46DBC}.Release|Any CPU.ActiveCfg = Release|Any CPU
		{78F846E1-2463-4E6A-87F7-FF750FC46DBC}.Release|Any CPU.Build.0 = Release|Any CPU
	EndGlobalSection
	GlobalSection(SolutionProperties) = preSolution
		HideSolutionNode = FALSE
	EndGlobalSection
	GlobalSection(ExtensibilityGlobals) = postSolution
		SolutionGuid = {A1AE161E-2055-4AEE-9B1F-DDB855A828D0}
	EndGlobalSection
EndGlobal
