
Microsoft Visual Studio Solution File, Format Version 12.00
# Visual Studio 15
VisualStudioVersion = 15.0.28307.421
MinimumVisualStudioVersion = 10.0.40219.1
Project("{FAE04EC0-301F-11D3-BF4B-00C04F79EFBC}") = "WindowsFormsApp2", "WindowsFormsApp2\WindowsFormsApp2.csproj", "{ABE8BA21-54A4-427C-B7AB-C44607510D13}"
EndProject
Global
	GlobalSection(SolutionConfigurationPlatforms) = preSolution
		Debug|Any CPU = Debug|Any CPU
		Release|Any CPU = Release|Any CPU
	EndGlobalSection
	GlobalSection(ProjectConfigurationPlatforms) = postSolution
		{ABE8BA21-54A4-427C-B7AB-C44607510D13}.Debug|Any CPU.ActiveCfg = Debug|Any CPU
		{ABE8BA21-54A4-427C-B7AB-C44607510D13}.Debug|Any CPU.Build.0 = Debug|Any CPU
		{ABE8BA21-54A4-427C-B7AB-C44607510D13}.Release|Any CPU.ActiveCfg = Release|Any CPU
		{ABE8BA21-54A4-427C-B7AB-C44607510D13}.Release|Any CPU.Build.0 = Release|Any CPU
	EndGlobalSection
	GlobalSection(SolutionProperties) = preSolution
		HideSolutionNode = FALSE
	EndGlobalSection
	GlobalSection(ExtensibilityGlobals) = postSolution
		SolutionGuid = {3CBD9F15-3241-4F09-994C-7AF90F81CAF7}
	EndGlobalSection
EndGlobal
