
Microsoft Visual Studio Solution File, Format Version 12.00
# Visual Studio 15
VisualStudioVersion = 15.0.28307.421
MinimumVisualStudioVersion = 10.0.40219.1
Project("{FAE04EC0-301F-11D3-BF4B-00C04F79EFBC}") = "WindowsFormsApp1", "WindowsFormsApp1\WindowsFormsApp1.csproj", "{2A127DD4-4E8B-4B24-9224-1D46185C8BD8}"
EndProject
Global
	GlobalSection(SolutionConfigurationPlatforms) = preSolution
		Debug|Any CPU = Debug|Any CPU
		Release|Any CPU = Release|Any CPU
	EndGlobalSection
	GlobalSection(ProjectConfigurationPlatforms) = postSolution
		{2A127DD4-4E8B-4B24-9224-1D46185C8BD8}.Debug|Any CPU.ActiveCfg = Debug|Any CPU
		{2A127DD4-4E8B-4B24-9224-1D46185C8BD8}.Debug|Any CPU.Build.0 = Debug|Any CPU
		{2A127DD4-4E8B-4B24-9224-1D46185C8BD8}.Release|Any CPU.ActiveCfg = Release|Any CPU
		{2A127DD4-4E8B-4B24-9224-1D46185C8BD8}.Release|Any CPU.Build.0 = Release|Any CPU
	EndGlobalSection
	GlobalSection(SolutionProperties) = preSolution
		HideSolutionNode = FALSE
	EndGlobalSection
	GlobalSection(ExtensibilityGlobals) = postSolution
		SolutionGuid = {21C5A8C1-CCBF-4630-A1D1-1682C3CF69FE}
	EndGlobalSection
EndGlobal
